// !$*UTF8*$!
{
	archiveVersion = 1;
	classes = {
	};
	objectVersion = 46;
	objects = {

/* Begin PBXBuildFile section */
		9317475F1B3C3BFA000519A3 /* AssetRequest.m in Sources */ = {isa = PBXBuildFile; fileRef = 931747341B3C3BFA000519A3 /* AssetRequest.m */; };
		931747601B3C3BFA000519A3 /* AuthCodeRequest.m in Sources */ = {isa = PBXBuildFile; fileRef = 931747361B3C3BFA000519A3 /* AuthCodeRequest.m */; };
		931747611B3C3BFA000519A3 /* CommandSendRequest.m in Sources */ = {isa = PBXBuildFile; fileRef = 931747381B3C3BFA000519A3 /* CommandSendRequest.m */; };
		931747621B3C3BFA000519A3 /* CreateJobRequest.m in Sources */ = {isa = PBXBuildFile; fileRef = 9317473A1B3C3BFA000519A3 /* CreateJobRequest.m */; };
		931747631B3C3BFA000519A3 /* FileRequest.m in Sources */ = {isa = PBXBuildFile; fileRef = 9317473C1B3C3BFA000519A3 /* FileRequest.m */; };
		931747641B3C3BFA000519A3 /* MemberRequest.m in Sources */ = {isa = PBXBuildFile; fileRef = 9317473E1B3C3BFA000519A3 /* MemberRequest.m */; };
		931747651B3C3BFA000519A3 /* PrinterJobStatusRequest.m in Sources */ = {isa = PBXBuildFile; fileRef = 931747401B3C3BFA000519A3 /* PrinterJobStatusRequest.m */; };
		931747661B3C3BFA000519A3 /* PrinterRegisterRequest.m in Sources */ = {isa = PBXBuildFile; fileRef = 931747421B3C3BFA000519A3 /* PrinterRegisterRequest.m */; };
		931747671B3C3BFA000519A3 /* PrinterUnregisterRequest.m in Sources */ = {isa = PBXBuildFile; fileRef = 931747441B3C3BFA000519A3 /* PrinterUnregisterRequest.m */; };
		931747681B3C3BFA000519A3 /* RefreshAccessTokenRequest.m in Sources */ = {isa = PBXBuildFile; fileRef = 931747461B3C3BFA000519A3 /* RefreshAccessTokenRequest.m */; };
		931747691B3C3BFA000519A3 /* SparkSession.m in Sources */ = {isa = PBXBuildFile; fileRef = 931747491B3C3BFA000519A3 /* SparkSession.m */; };
		9317476A1B3C3BFA000519A3 /* GuestTokenTask.m in Sources */ = {isa = PBXBuildFile; fileRef = 9317474D1B3C3BFA000519A3 /* GuestTokenTask.m */; };
		9317476B1B3C3BFA000519A3 /* BaseSparkRequest.m in Sources */ = {isa = PBXBuildFile; fileRef = 9317474F1B3C3BFA000519A3 /* BaseSparkRequest.m */; };
		9317476C1B3C3BFA000519A3 /* NetworkUtils.m in Sources */ = {isa = PBXBuildFile; fileRef = 931747511B3C3BFA000519A3 /* NetworkUtils.m */; };
		9317476D1B3C3BFA000519A3 /* BaseNetworkWrapper.m in Sources */ = {isa = PBXBuildFile; fileRef = 931747541B3C3BFA000519A3 /* BaseNetworkWrapper.m */; };
		9317476E1B3C3BFA000519A3 /* SparkManager.m in Sources */ = {isa = PBXBuildFile; fileRef = 931747571B3C3BFA000519A3 /* SparkManager.m */; };
		9317476F1B3C3BFA000519A3 /* SparkLogicManager.m in Sources */ = {isa = PBXBuildFile; fileRef = 9317475A1B3C3BFA000519A3 /* SparkLogicManager.m */; };
		931747701B3C3BFA000519A3 /* Utils.m in Sources */ = {isa = PBXBuildFile; fileRef = 9317475E1B3C3BFA000519A3 /* Utils.m */; };
		931747731B3FE2F3000519A3 /* Main.storyboard in Resources */ = {isa = PBXBuildFile; fileRef = 931747711B3FE2F3000519A3 /* Main.storyboard */; };
		931747761B3FE416000519A3 /* SparkAuthentication.m in Sources */ = {isa = PBXBuildFile; fileRef = 931747751B3FE416000519A3 /* SparkAuthentication.m */; };
		9317477A1B400C2B000519A3 /* AccessTokenResponse.m in Sources */ = {isa = PBXBuildFile; fileRef = 931747791B400C2B000519A3 /* AccessTokenResponse.m */; };
		932A2B441B42D8780013C47A /* AccessTokenTask.m in Sources */ = {isa = PBXBuildFile; fileRef = 932A2B431B42D8780013C47A /* AccessTokenTask.m */; };
		932A2B481B42E94D0013C47A /* NSData+MPBase64.m in Sources */ = {isa = PBXBuildFile; fileRef = 932A2B471B42E94D0013C47A /* NSData+MPBase64.m */; };
		933EC4081B3BF65E009C5CEB /* main.m in Sources */ = {isa = PBXBuildFile; fileRef = 933EC4071B3BF65E009C5CEB /* main.m */; };
		933EC40B1B3BF65E009C5CEB /* AppDelegate.m in Sources */ = {isa = PBXBuildFile; fileRef = 933EC40A1B3BF65E009C5CEB /* AppDelegate.m */; };
		933EC40E1B3BF65E009C5CEB /* FirstViewController.m in Sources */ = {isa = PBXBuildFile; fileRef = 933EC40D1B3BF65E009C5CEB /* FirstViewController.m */; };
		933EC4161B3BF65E009C5CEB /* Images.xcassets in Resources */ = {isa = PBXBuildFile; fileRef = 933EC4151B3BF65E009C5CEB /* Images.xcassets */; };
		933EC4251B3BF65E009C5CEB /* Spark_sdk_demoTests.m in Sources */ = {isa = PBXBuildFile; fileRef = 933EC4241B3BF65E009C5CEB /* Spark_sdk_demoTests.m */; };
		93F007161B492ADB00446F08 /* UploadFileTask.m in Sources */ = {isa = PBXBuildFile; fileRef = 93F007151B492ADB00446F08 /* UploadFileTask.m */; };
		93F007191B49467300446F08 /* SparkDrive.m in Sources */ = {isa = PBXBuildFile; fileRef = 93F007181B49467300446F08 /* SparkDrive.m */; };
		93F0071C1B494AFF00446F08 /* FileResponse.m in Sources */ = {isa = PBXBuildFile; fileRef = 93F0071B1B494AFF00446F08 /* FileResponse.m */; };
		93F007241B4AC6E800446F08 /* RefreshTokenTask.m in Sources */ = {isa = PBXBuildFile; fileRef = 93F007231B4AC6E800446F08 /* RefreshTokenTask.m */; };
		93F0075A1B4D55D500446F08 /* logo.png in Resources */ = {isa = PBXBuildFile; fileRef = 93F007591B4D55D500446F08 /* logo.png */; };
		93F0075D1B4D5D9100446F08 /* MeshImportRequest.m in Sources */ = {isa = PBXBuildFile; fileRef = 93F0075C1B4D5D9100446F08 /* MeshImportRequest.m */; };
		93F007611B4D6B5700446F08 /* MeshImportTask.m in Sources */ = {isa = PBXBuildFile; fileRef = 93F007601B4D6B5700446F08 /* MeshImportTask.m */; };
		93F007671B4E62C500446F08 /* TeaPot.obj in Resources */ = {isa = PBXBuildFile; fileRef = 93F007661B4E62C500446F08 /* TeaPot.obj */; };
		93F0076A1B4EA31F00446F08 /* GetTask.m in Sources */ = {isa = PBXBuildFile; fileRef = 93F007691B4EA31F00446F08 /* GetTask.m */; };
/* End PBXBuildFile section */

/* Begin PBXContainerItemProxy section */
		933EC41F1B3BF65E009C5CEB /* PBXContainerItemProxy */ = {
			isa = PBXContainerItemProxy;
			containerPortal = 933EC3FA1B3BF65E009C5CEB /* Project object */;
			proxyType = 1;
			remoteGlobalIDString = 933EC4011B3BF65E009C5CEB;
			remoteInfo = "Spark-sdk-demo";
		};
/* End PBXContainerItemProxy section */

/* Begin PBXFileReference section */
		931747301B3C3BFA000519A3 /* Protocols.h */ = {isa = PBXFileReference; fileEncoding = 4; lastKnownFileType = sourcecode.c.h; lineEnding = 0; path = Protocols.h; sourceTree = "<group>"; xcLanguageSpecificationIdentifier = xcode.lang.objcpp; };
		931747331B3C3BFA000519A3 /* AssetRequest.h */ = {isa = PBXFileReference; fileEncoding = 4; lastKnownFileType = sourcecode.c.h; lineEnding = 0; path = AssetRequest.h; sourceTree = "<group>"; xcLanguageSpecificationIdentifier = xcode.lang.objcpp; };
		931747341B3C3BFA000519A3 /* AssetRequest.m */ = {isa = PBXFileReference; fileEncoding = 4; lastKnownFileType = sourcecode.c.objc; lineEnding = 0; path = AssetRequest.m; sourceTree = "<group>"; xcLanguageSpecificationIdentifier = xcode.lang.objc; };
		931747351B3C3BFA000519A3 /* AuthCodeRequest.h */ = {isa = PBXFileReference; fileEncoding = 4; lastKnownFileType = sourcecode.c.h; lineEnding = 0; path = AuthCodeRequest.h; sourceTree = "<group>"; xcLanguageSpecificationIdentifier = xcode.lang.objcpp; };
		931747361B3C3BFA000519A3 /* AuthCodeRequest.m */ = {isa = PBXFileReference; fileEncoding = 4; lastKnownFileType = sourcecode.c.objc; lineEnding = 0; path = AuthCodeRequest.m; sourceTree = "<group>"; xcLanguageSpecificationIdentifier = xcode.lang.objc; };
		931747371B3C3BFA000519A3 /* CommandSendRequest.h */ = {isa = PBXFileReference; fileEncoding = 4; lastKnownFileType = sourcecode.c.h; lineEnding = 0; path = CommandSendRequest.h; sourceTree = "<group>"; xcLanguageSpecificationIdentifier = xcode.lang.objcpp; };
		931747381B3C3BFA000519A3 /* CommandSendRequest.m */ = {isa = PBXFileReference; fileEncoding = 4; lastKnownFileType = sourcecode.c.objc; lineEnding = 0; path = CommandSendRequest.m; sourceTree = "<group>"; xcLanguageSpecificationIdentifier = xcode.lang.objc; };
		931747391B3C3BFA000519A3 /* CreateJobRequest.h */ = {isa = PBXFileReference; fileEncoding = 4; lastKnownFileType = sourcecode.c.h; lineEnding = 0; path = CreateJobRequest.h; sourceTree = "<group>"; xcLanguageSpecificationIdentifier = xcode.lang.objcpp; };
		9317473A1B3C3BFA000519A3 /* CreateJobRequest.m */ = {isa = PBXFileReference; fileEncoding = 4; lastKnownFileType = sourcecode.c.objc; lineEnding = 0; path = CreateJobRequest.m; sourceTree = "<group>"; xcLanguageSpecificationIdentifier = xcode.lang.objc; };
		9317473B1B3C3BFA000519A3 /* FileRequest.h */ = {isa = PBXFileReference; fileEncoding = 4; lastKnownFileType = sourcecode.c.h; lineEnding = 0; path = FileRequest.h; sourceTree = "<group>"; xcLanguageSpecificationIdentifier = xcode.lang.objcpp; };
		9317473C1B3C3BFA000519A3 /* FileRequest.m */ = {isa = PBXFileReference; fileEncoding = 4; lastKnownFileType = sourcecode.c.objc; lineEnding = 0; path = FileRequest.m; sourceTree = "<group>"; xcLanguageSpecificationIdentifier = xcode.lang.objc; };
		9317473D1B3C3BFA000519A3 /* MemberRequest.h */ = {isa = PBXFileReference; fileEncoding = 4; lastKnownFileType = sourcecode.c.h; lineEnding = 0; path = MemberRequest.h; sourceTree = "<group>"; xcLanguageSpecificationIdentifier = xcode.lang.objcpp; };
		9317473E1B3C3BFA000519A3 /* MemberRequest.m */ = {isa = PBXFileReference; fileEncoding = 4; lastKnownFileType = sourcecode.c.objc; lineEnding = 0; path = MemberRequest.m; sourceTree = "<group>"; xcLanguageSpecificationIdentifier = xcode.lang.objc; };
		9317473F1B3C3BFA000519A3 /* PrinterJobStatusRequest.h */ = {isa = PBXFileReference; fileEncoding = 4; lastKnownFileType = sourcecode.c.h; lineEnding = 0; path = PrinterJobStatusRequest.h; sourceTree = "<group>"; xcLanguageSpecificationIdentifier = xcode.lang.objcpp; };
		931747401B3C3BFA000519A3 /* PrinterJobStatusRequest.m */ = {isa = PBXFileReference; fileEncoding = 4; lastKnownFileType = sourcecode.c.objc; lineEnding = 0; path = PrinterJobStatusRequest.m; sourceTree = "<group>"; xcLanguageSpecificationIdentifier = xcode.lang.objc; };
		931747411B3C3BFA000519A3 /* PrinterRegisterRequest.h */ = {isa = PBXFileReference; fileEncoding = 4; lastKnownFileType = sourcecode.c.h; lineEnding = 0; path = PrinterRegisterRequest.h; sourceTree = "<group>"; xcLanguageSpecificationIdentifier = xcode.lang.objcpp; };
		931747421B3C3BFA000519A3 /* PrinterRegisterRequest.m */ = {isa = PBXFileReference; fileEncoding = 4; lastKnownFileType = sourcecode.c.objc; lineEnding = 0; path = PrinterRegisterRequest.m; sourceTree = "<group>"; xcLanguageSpecificationIdentifier = xcode.lang.objc; };
		931747431B3C3BFA000519A3 /* PrinterUnregisterRequest.h */ = {isa = PBXFileReference; fileEncoding = 4; lastKnownFileType = sourcecode.c.h; lineEnding = 0; path = PrinterUnregisterRequest.h; sourceTree = "<group>"; xcLanguageSpecificationIdentifier = xcode.lang.objcpp; };
		931747441B3C3BFA000519A3 /* PrinterUnregisterRequest.m */ = {isa = PBXFileReference; fileEncoding = 4; lastKnownFileType = sourcecode.c.objc; lineEnding = 0; path = PrinterUnregisterRequest.m; sourceTree = "<group>"; xcLanguageSpecificationIdentifier = xcode.lang.objc; };
		931747451B3C3BFA000519A3 /* RefreshAccessTokenRequest.h */ = {isa = PBXFileReference; fileEncoding = 4; lastKnownFileType = sourcecode.c.h; lineEnding = 0; path = RefreshAccessTokenRequest.h; sourceTree = "<group>"; xcLanguageSpecificationIdentifier = xcode.lang.objcpp; };
		931747461B3C3BFA000519A3 /* RefreshAccessTokenRequest.m */ = {isa = PBXFileReference; fileEncoding = 4; lastKnownFileType = sourcecode.c.objc; lineEnding = 0; path = RefreshAccessTokenRequest.m; sourceTree = "<group>"; xcLanguageSpecificationIdentifier = xcode.lang.objc; };
		931747481B3C3BFA000519A3 /* SparkSession.h */ = {isa = PBXFileReference; fileEncoding = 4; lastKnownFileType = sourcecode.c.h; lineEnding = 0; path = SparkSession.h; sourceTree = "<group>"; xcLanguageSpecificationIdentifier = xcode.lang.objcpp; };
		931747491B3C3BFA000519A3 /* SparkSession.m */ = {isa = PBXFileReference; fileEncoding = 4; lastKnownFileType = sourcecode.c.objc; lineEnding = 0; path = SparkSession.m; sourceTree = "<group>"; xcLanguageSpecificationIdentifier = xcode.lang.objc; };
		9317474C1B3C3BFA000519A3 /* GuestTokenTask.h */ = {isa = PBXFileReference; fileEncoding = 4; lastKnownFileType = sourcecode.c.h; lineEnding = 0; path = GuestTokenTask.h; sourceTree = "<group>"; xcLanguageSpecificationIdentifier = xcode.lang.objcpp; };
		9317474D1B3C3BFA000519A3 /* GuestTokenTask.m */ = {isa = PBXFileReference; fileEncoding = 4; lastKnownFileType = sourcecode.c.objc; lineEnding = 0; path = GuestTokenTask.m; sourceTree = "<group>"; xcLanguageSpecificationIdentifier = xcode.lang.objc; };
		9317474E1B3C3BFA000519A3 /* BaseSparkRequest.h */ = {isa = PBXFileReference; fileEncoding = 4; lastKnownFileType = sourcecode.c.h; lineEnding = 0; path = BaseSparkRequest.h; sourceTree = "<group>"; xcLanguageSpecificationIdentifier = xcode.lang.objcpp; };
		9317474F1B3C3BFA000519A3 /* BaseSparkRequest.m */ = {isa = PBXFileReference; fileEncoding = 4; lastKnownFileType = sourcecode.c.objc; lineEnding = 0; path = BaseSparkRequest.m; sourceTree = "<group>"; xcLanguageSpecificationIdentifier = xcode.lang.objc; };
		931747501B3C3BFA000519A3 /* NetworkUtils.h */ = {isa = PBXFileReference; fileEncoding = 4; lastKnownFileType = sourcecode.c.h; lineEnding = 0; path = NetworkUtils.h; sourceTree = "<group>"; xcLanguageSpecificationIdentifier = xcode.lang.objcpp; };
		931747511B3C3BFA000519A3 /* NetworkUtils.m */ = {isa = PBXFileReference; fileEncoding = 4; lastKnownFileType = sourcecode.c.objc; lineEnding = 0; path = NetworkUtils.m; sourceTree = "<group>"; xcLanguageSpecificationIdentifier = xcode.lang.objc; };
		931747531B3C3BFA000519A3 /* BaseNetworkWrapper.h */ = {isa = PBXFileReference; fileEncoding = 4; lastKnownFileType = sourcecode.c.h; lineEnding = 0; path = BaseNetworkWrapper.h; sourceTree = "<group>"; xcLanguageSpecificationIdentifier = xcode.lang.objcpp; };
		931747541B3C3BFA000519A3 /* BaseNetworkWrapper.m */ = {isa = PBXFileReference; fileEncoding = 4; lastKnownFileType = sourcecode.c.objc; lineEnding = 0; path = BaseNetworkWrapper.m; sourceTree = "<group>"; xcLanguageSpecificationIdentifier = xcode.lang.objc; };
		931747561B3C3BFA000519A3 /* SparkManager.h */ = {isa = PBXFileReference; fileEncoding = 4; lastKnownFileType = sourcecode.c.h; lineEnding = 0; path = SparkManager.h; sourceTree = "<group>"; xcLanguageSpecificationIdentifier = xcode.lang.objcpp; };
		931747571B3C3BFA000519A3 /* SparkManager.m */ = {isa = PBXFileReference; fileEncoding = 4; lastKnownFileType = sourcecode.c.objc; lineEnding = 0; path = SparkManager.m; sourceTree = "<group>"; xcLanguageSpecificationIdentifier = xcode.lang.objc; };
		931747591B3C3BFA000519A3 /* SparkLogicManager.h */ = {isa = PBXFileReference; fileEncoding = 4; lastKnownFileType = sourcecode.c.h; lineEnding = 0; path = SparkLogicManager.h; sourceTree = "<group>"; xcLanguageSpecificationIdentifier = xcode.lang.objcpp; };
		9317475A1B3C3BFA000519A3 /* SparkLogicManager.m */ = {isa = PBXFileReference; fileEncoding = 4; lastKnownFileType = sourcecode.c.objc; lineEnding = 0; path = SparkLogicManager.m; sourceTree = "<group>"; xcLanguageSpecificationIdentifier = xcode.lang.objc; };
		9317475C1B3C3BFA000519A3 /* Constants.h */ = {isa = PBXFileReference; fileEncoding = 4; lastKnownFileType = sourcecode.c.h; lineEnding = 0; path = Constants.h; sourceTree = "<group>"; xcLanguageSpecificationIdentifier = xcode.lang.objcpp; };
		9317475D1B3C3BFA000519A3 /* Utils.h */ = {isa = PBXFileReference; fileEncoding = 4; lastKnownFileType = sourcecode.c.h; lineEnding = 0; path = Utils.h; sourceTree = "<group>"; xcLanguageSpecificationIdentifier = xcode.lang.objcpp; };
		9317475E1B3C3BFA000519A3 /* Utils.m */ = {isa = PBXFileReference; fileEncoding = 4; lastKnownFileType = sourcecode.c.objc; lineEnding = 0; path = Utils.m; sourceTree = "<group>"; xcLanguageSpecificationIdentifier = xcode.lang.objc; };
		931747721B3FE2F3000519A3 /* Base */ = {isa = PBXFileReference; lastKnownFileType = file.storyboard; name = Base; path = Base.lproj/Main.storyboard; sourceTree = "<group>"; };
		931747741B3FE416000519A3 /* SparkAuthentication.h */ = {isa = PBXFileReference; fileEncoding = 4; lastKnownFileType = sourcecode.c.h; lineEnding = 0; path = SparkAuthentication.h; sourceTree = "<group>"; xcLanguageSpecificationIdentifier = xcode.lang.objcpp; };
		931747751B3FE416000519A3 /* SparkAuthentication.m */ = {isa = PBXFileReference; fileEncoding = 4; lastKnownFileType = sourcecode.c.objc; lineEnding = 0; path = SparkAuthentication.m; sourceTree = "<group>"; xcLanguageSpecificationIdentifier = xcode.lang.objc; };
		931747781B400C2B000519A3 /* AccessTokenResponse.h */ = {isa = PBXFileReference; fileEncoding = 4; lastKnownFileType = sourcecode.c.h; lineEnding = 0; path = AccessTokenResponse.h; sourceTree = "<group>"; xcLanguageSpecificationIdentifier = xcode.lang.objcpp; };
		931747791B400C2B000519A3 /* AccessTokenResponse.m */ = {isa = PBXFileReference; fileEncoding = 4; lastKnownFileType = sourcecode.c.objc; lineEnding = 0; path = AccessTokenResponse.m; sourceTree = "<group>"; xcLanguageSpecificationIdentifier = xcode.lang.objc; };
		932A2B421B42D8770013C47A /* AccessTokenTask.h */ = {isa = PBXFileReference; fileEncoding = 4; lastKnownFileType = sourcecode.c.h; lineEnding = 0; path = AccessTokenTask.h; sourceTree = "<group>"; xcLanguageSpecificationIdentifier = xcode.lang.objcpp; };
		932A2B431B42D8780013C47A /* AccessTokenTask.m */ = {isa = PBXFileReference; fileEncoding = 4; lastKnownFileType = sourcecode.c.objc; lineEnding = 0; path = AccessTokenTask.m; sourceTree = "<group>"; xcLanguageSpecificationIdentifier = xcode.lang.objc; };
		932A2B461B42E94D0013C47A /* NSData+MPBase64.h */ = {isa = PBXFileReference; fileEncoding = 4; lastKnownFileType = sourcecode.c.h; path = "NSData+MPBase64.h"; sourceTree = "<group>"; };
		932A2B471B42E94D0013C47A /* NSData+MPBase64.m */ = {isa = PBXFileReference; fileEncoding = 4; lastKnownFileType = sourcecode.c.objc; path = "NSData+MPBase64.m"; sourceTree = "<group>"; };
		933EC4021B3BF65E009C5CEB /* Spark-sdk-demo.app */ = {isa = PBXFileReference; explicitFileType = wrapper.application; includeInIndex = 0; path = "Spark-sdk-demo.app"; sourceTree = BUILT_PRODUCTS_DIR; };
		933EC4061B3BF65E009C5CEB /* Info.plist */ = {isa = PBXFileReference; lastKnownFileType = text.plist.xml; path = Info.plist; sourceTree = "<group>"; };
		933EC4071B3BF65E009C5CEB /* main.m */ = {isa = PBXFileReference; lastKnownFileType = sourcecode.c.objc; lineEnding = 0; path = main.m; sourceTree = "<group>"; xcLanguageSpecificationIdentifier = xcode.lang.objc; };
		933EC4091B3BF65E009C5CEB /* AppDelegate.h */ = {isa = PBXFileReference; lastKnownFileType = sourcecode.c.h; lineEnding = 0; path = AppDelegate.h; sourceTree = "<group>"; xcLanguageSpecificationIdentifier = xcode.lang.objcpp; };
		933EC40A1B3BF65E009C5CEB /* AppDelegate.m */ = {isa = PBXFileReference; lastKnownFileType = sourcecode.c.objc; lineEnding = 0; path = AppDelegate.m; sourceTree = "<group>"; xcLanguageSpecificationIdentifier = xcode.lang.objc; };
		933EC40C1B3BF65E009C5CEB /* FirstViewController.h */ = {isa = PBXFileReference; lastKnownFileType = sourcecode.c.h; lineEnding = 0; path = FirstViewController.h; sourceTree = "<group>"; xcLanguageSpecificationIdentifier = xcode.lang.objcpp; };
		933EC40D1B3BF65E009C5CEB /* FirstViewController.m */ = {isa = PBXFileReference; lastKnownFileType = sourcecode.c.objc; lineEnding = 0; path = FirstViewController.m; sourceTree = "<group>"; xcLanguageSpecificationIdentifier = xcode.lang.objc; };
		933EC4151B3BF65E009C5CEB /* Images.xcassets */ = {isa = PBXFileReference; lastKnownFileType = folder.assetcatalog; path = Images.xcassets; sourceTree = "<group>"; };
		933EC4181B3BF65E009C5CEB /* Base */ = {isa = PBXFileReference; lastKnownFileType = file.xib; name = Base; path = Base.lproj/LaunchScreen.xib; sourceTree = "<group>"; };
		933EC41E1B3BF65E009C5CEB /* Spark-sdk-demoTests.xctest */ = {isa = PBXFileReference; explicitFileType = wrapper.cfbundle; includeInIndex = 0; path = "Spark-sdk-demoTests.xctest"; sourceTree = BUILT_PRODUCTS_DIR; };
		933EC4231B3BF65E009C5CEB /* Info.plist */ = {isa = PBXFileReference; lastKnownFileType = text.plist.xml; path = Info.plist; sourceTree = "<group>"; };
		933EC4241B3BF65E009C5CEB /* Spark_sdk_demoTests.m */ = {isa = PBXFileReference; lastKnownFileType = sourcecode.c.objc; lineEnding = 0; path = Spark_sdk_demoTests.m; sourceTree = "<group>"; xcLanguageSpecificationIdentifier = xcode.lang.objc; };
		93F007141B492ADB00446F08 /* UploadFileTask.h */ = {isa = PBXFileReference; fileEncoding = 4; lastKnownFileType = sourcecode.c.h; lineEnding = 0; name = UploadFileTask.h; path = Drive/UploadFileTask.h; sourceTree = "<group>"; xcLanguageSpecificationIdentifier = xcode.lang.objcpp; };
		93F007151B492ADB00446F08 /* UploadFileTask.m */ = {isa = PBXFileReference; fileEncoding = 4; lastKnownFileType = sourcecode.c.objc; lineEnding = 0; name = UploadFileTask.m; path = Drive/UploadFileTask.m; sourceTree = "<group>"; xcLanguageSpecificationIdentifier = xcode.lang.objc; };
		93F007171B49467300446F08 /* SparkDrive.h */ = {isa = PBXFileReference; fileEncoding = 4; lastKnownFileType = sourcecode.c.h; lineEnding = 0; path = SparkDrive.h; sourceTree = "<group>"; xcLanguageSpecificationIdentifier = xcode.lang.objcpp; };
		93F007181B49467300446F08 /* SparkDrive.m */ = {isa = PBXFileReference; fileEncoding = 4; lastKnownFileType = sourcecode.c.objc; lineEnding = 0; path = SparkDrive.m; sourceTree = "<group>"; xcLanguageSpecificationIdentifier = xcode.lang.objc; };
		93F0071A1B494AFF00446F08 /* FileResponse.h */ = {isa = PBXFileReference; fileEncoding = 4; lastKnownFileType = sourcecode.c.h; lineEnding = 0; path = FileResponse.h; sourceTree = "<group>"; xcLanguageSpecificationIdentifier = xcode.lang.objcpp; };
		93F0071B1B494AFF00446F08 /* FileResponse.m */ = {isa = PBXFileReference; fileEncoding = 4; lastKnownFileType = sourcecode.c.objc; lineEnding = 0; path = FileResponse.m; sourceTree = "<group>"; xcLanguageSpecificationIdentifier = xcode.lang.objc; };
		93F007221B4AC6E800446F08 /* RefreshTokenTask.h */ = {isa = PBXFileReference; fileEncoding = 4; lastKnownFileType = sourcecode.c.h; lineEnding = 0; path = RefreshTokenTask.h; sourceTree = "<group>"; xcLanguageSpecificationIdentifier = xcode.lang.objcpp; };
		93F007231B4AC6E800446F08 /* RefreshTokenTask.m */ = {isa = PBXFileReference; fileEncoding = 4; lastKnownFileType = sourcecode.c.objc; lineEnding = 0; path = RefreshTokenTask.m; sourceTree = "<group>"; xcLanguageSpecificationIdentifier = xcode.lang.objc; };
		93F007271B4C18B900446F08 /* ReadMe.txt */ = {isa = PBXFileReference; fileEncoding = 4; lastKnownFileType = text; path = ReadMe.txt; sourceTree = SOURCE_ROOT; };
		93F007591B4D55D500446F08 /* logo.png */ = {isa = PBXFileReference; lastKnownFileType = image.png; path = logo.png; sourceTree = "<group>"; };
		93F0075B1B4D5D9100446F08 /* MeshImportRequest.h */ = {isa = PBXFileReference; fileEncoding = 4; lastKnownFileType = sourcecode.c.h; lineEnding = 0; path = MeshImportRequest.h; sourceTree = "<group>"; xcLanguageSpecificationIdentifier = xcode.lang.objcpp; };
		93F0075C1B4D5D9100446F08 /* MeshImportRequest.m */ = {isa = PBXFileReference; fileEncoding = 4; lastKnownFileType = sourcecode.c.objc; lineEnding = 0; path = MeshImportRequest.m; sourceTree = "<group>"; xcLanguageSpecificationIdentifier = xcode.lang.objc; };
		93F0075F1B4D6B5700446F08 /* MeshImportTask.h */ = {isa = PBXFileReference; fileEncoding = 4; lastKnownFileType = sourcecode.c.h; lineEnding = 0; name = MeshImportTask.h; path = Print/MeshImportTask.h; sourceTree = "<group>"; xcLanguageSpecificationIdentifier = xcode.lang.objcpp; };
		93F007601B4D6B5700446F08 /* MeshImportTask.m */ = {isa = PBXFileReference; fileEncoding = 4; lastKnownFileType = sourcecode.c.objc; lineEnding = 0; name = MeshImportTask.m; path = Print/MeshImportTask.m; sourceTree = "<group>"; xcLanguageSpecificationIdentifier = xcode.lang.objc; };
		93F007661B4E62C500446F08 /* TeaPot.obj */ = {isa = PBXFileReference; fileEncoding = 4; lastKnownFileType = text; path = TeaPot.obj; sourceTree = "<group>"; };
		93F007681B4EA31F00446F08 /* GetTask.h */ = {isa = PBXFileReference; fileEncoding = 4; lastKnownFileType = sourcecode.c.h; lineEnding = 0; name = GetTask.h; path = Print/GetTask.h; sourceTree = "<group>"; xcLanguageSpecificationIdentifier = xcode.lang.objcpp; };
		93F007691B4EA31F00446F08 /* GetTask.m */ = {isa = PBXFileReference; fileEncoding = 4; lastKnownFileType = sourcecode.c.objc; lineEnding = 0; name = GetTask.m; path = Print/GetTask.m; sourceTree = "<group>"; xcLanguageSpecificationIdentifier = xcode.lang.objc; };
/* End PBXFileReference section */

/* Begin PBXFrameworksBuildPhase section */
		933EC3FF1B3BF65E009C5CEB /* Frameworks */ = {
			isa = PBXFrameworksBuildPhase;
			buildActionMask = 2147483647;
			files = (
			);
			runOnlyForDeploymentPostprocessing = 0;
		};
		933EC41B1B3BF65E009C5CEB /* Frameworks */ = {
			isa = PBXFrameworksBuildPhase;
			buildActionMask = 2147483647;
			files = (
			);
			runOnlyForDeploymentPostprocessing = 0;
		};
/* End PBXFrameworksBuildPhase section */

/* Begin PBXGroup section */
		9317472E1B3C3BFA000519A3 /* spark-ios-sdk */ = {
			isa = PBXGroup;
			children = (
				9317472F1B3C3BFA000519A3 /* Interfaces */,
				931747311B3C3BFA000519A3 /* Models */,
				9317474A1B3C3BFA000519A3 /* Network */,
				931747551B3C3BFA000519A3 /* Spark */,
				931747581B3C3BFA000519A3 /* SparkLogic */,
				9317475B1B3C3BFA000519A3 /* Utils */,
			);
			name = "spark-ios-sdk";
			path = "../../spark-ios-sdk";
			sourceTree = "<group>";
		};
		9317472F1B3C3BFA000519A3 /* Interfaces */ = {
			isa = PBXGroup;
			children = (
				931747301B3C3BFA000519A3 /* Protocols.h */,
			);
			path = Interfaces;
			sourceTree = "<group>";
		};
		931747311B3C3BFA000519A3 /* Models */ = {
			isa = PBXGroup;
			children = (
				931747321B3C3BFA000519A3 /* Request */,
				931747471B3C3BFA000519A3 /* Response */,
				931747481B3C3BFA000519A3 /* SparkSession.h */,
				931747491B3C3BFA000519A3 /* SparkSession.m */,
			);
			path = Models;
			sourceTree = "<group>";
		};
		931747321B3C3BFA000519A3 /* Request */ = {
			isa = PBXGroup;
			children = (
				931747331B3C3BFA000519A3 /* AssetRequest.h */,
				931747341B3C3BFA000519A3 /* AssetRequest.m */,
				931747351B3C3BFA000519A3 /* AuthCodeRequest.h */,
				931747361B3C3BFA000519A3 /* AuthCodeRequest.m */,
				931747371B3C3BFA000519A3 /* CommandSendRequest.h */,
				931747381B3C3BFA000519A3 /* CommandSendRequest.m */,
				931747391B3C3BFA000519A3 /* CreateJobRequest.h */,
				9317473A1B3C3BFA000519A3 /* CreateJobRequest.m */,
				9317473B1B3C3BFA000519A3 /* FileRequest.h */,
				9317473C1B3C3BFA000519A3 /* FileRequest.m */,
				9317473D1B3C3BFA000519A3 /* MemberRequest.h */,
				9317473E1B3C3BFA000519A3 /* MemberRequest.m */,
				9317473F1B3C3BFA000519A3 /* PrinterJobStatusRequest.h */,
				931747401B3C3BFA000519A3 /* PrinterJobStatusRequest.m */,
				931747411B3C3BFA000519A3 /* PrinterRegisterRequest.h */,
				931747421B3C3BFA000519A3 /* PrinterRegisterRequest.m */,
				931747431B3C3BFA000519A3 /* PrinterUnregisterRequest.h */,
				931747441B3C3BFA000519A3 /* PrinterUnregisterRequest.m */,
				931747451B3C3BFA000519A3 /* RefreshAccessTokenRequest.h */,
				931747461B3C3BFA000519A3 /* RefreshAccessTokenRequest.m */,
				93F0075B1B4D5D9100446F08 /* MeshImportRequest.h */,
				93F0075C1B4D5D9100446F08 /* MeshImportRequest.m */,
			);
			path = Request;
			sourceTree = "<group>";
		};
		931747471B3C3BFA000519A3 /* Response */ = {
			isa = PBXGroup;
			children = (
				931747781B400C2B000519A3 /* AccessTokenResponse.h */,
				931747791B400C2B000519A3 /* AccessTokenResponse.m */,
				93F0071A1B494AFF00446F08 /* FileResponse.h */,
				93F0071B1B494AFF00446F08 /* FileResponse.m */,
			);
			path = Response;
			sourceTree = "<group>";
		};
		9317474A1B3C3BFA000519A3 /* Network */ = {
			isa = PBXGroup;
			children = (
				93F0075E1B4D6B3700446F08 /* Print */,
				93F007131B492AA500446F08 /* Drive */,
				9317474B1B3C3BFA000519A3 /* Autentication */,
				9317474E1B3C3BFA000519A3 /* BaseSparkRequest.h */,
				9317474F1B3C3BFA000519A3 /* BaseSparkRequest.m */,
				931747501B3C3BFA000519A3 /* NetworkUtils.h */,
				931747511B3C3BFA000519A3 /* NetworkUtils.m */,
				931747521B3C3BFA000519A3 /* Wrappers */,
			);
			path = Network;
			sourceTree = "<group>";
		};
		9317474B1B3C3BFA000519A3 /* Autentication */ = {
			isa = PBXGroup;
			children = (
				9317474C1B3C3BFA000519A3 /* GuestTokenTask.h */,
				9317474D1B3C3BFA000519A3 /* GuestTokenTask.m */,
				932A2B421B42D8770013C47A /* AccessTokenTask.h */,
				932A2B431B42D8780013C47A /* AccessTokenTask.m */,
				93F007221B4AC6E800446F08 /* RefreshTokenTask.h */,
				93F007231B4AC6E800446F08 /* RefreshTokenTask.m */,
			);
			path = Autentication;
			sourceTree = "<group>";
		};
		931747521B3C3BFA000519A3 /* Wrappers */ = {
			isa = PBXGroup;
			children = (
				931747531B3C3BFA000519A3 /* BaseNetworkWrapper.h */,
				931747541B3C3BFA000519A3 /* BaseNetworkWrapper.m */,
			);
			path = Wrappers;
			sourceTree = "<group>";
		};
		931747551B3C3BFA000519A3 /* Spark */ = {
			isa = PBXGroup;
			children = (
				931747561B3C3BFA000519A3 /* SparkManager.h */,
				931747571B3C3BFA000519A3 /* SparkManager.m */,
				931747741B3FE416000519A3 /* SparkAuthentication.h */,
				931747751B3FE416000519A3 /* SparkAuthentication.m */,
				93F007171B49467300446F08 /* SparkDrive.h */,
				93F007181B49467300446F08 /* SparkDrive.m */,
			);
			path = Spark;
			sourceTree = "<group>";
		};
		931747581B3C3BFA000519A3 /* SparkLogic */ = {
			isa = PBXGroup;
			children = (
				931747591B3C3BFA000519A3 /* SparkLogicManager.h */,
				9317475A1B3C3BFA000519A3 /* SparkLogicManager.m */,
			);
			path = SparkLogic;
			sourceTree = "<group>";
		};
		9317475B1B3C3BFA000519A3 /* Utils */ = {
			isa = PBXGroup;
			children = (
				932A2B461B42E94D0013C47A /* NSData+MPBase64.h */,
				932A2B471B42E94D0013C47A /* NSData+MPBase64.m */,
				9317475C1B3C3BFA000519A3 /* Constants.h */,
				9317475D1B3C3BFA000519A3 /* Utils.h */,
				9317475E1B3C3BFA000519A3 /* Utils.m */,
			);
			path = Utils;
			sourceTree = "<group>";
		};
		933EC3F91B3BF65E009C5CEB = {
			isa = PBXGroup;
			children = (
				933EC4041B3BF65E009C5CEB /* Spark-sdk-demo */,
				933EC4211B3BF65E009C5CEB /* Spark-sdk-demoTests */,
				933EC4031B3BF65E009C5CEB /* Products */,
			);
			sourceTree = "<group>";
		};
		933EC4031B3BF65E009C5CEB /* Products */ = {
			isa = PBXGroup;
			children = (
				933EC4021B3BF65E009C5CEB /* Spark-sdk-demo.app */,
				933EC41E1B3BF65E009C5CEB /* Spark-sdk-demoTests.xctest */,
			);
			name = Products;
			sourceTree = "<group>";
		};
		933EC4041B3BF65E009C5CEB /* Spark-sdk-demo */ = {
			isa = PBXGroup;
			children = (
				9317472E1B3C3BFA000519A3 /* spark-ios-sdk */,
				933EC4091B3BF65E009C5CEB /* AppDelegate.h */,
				933EC40A1B3BF65E009C5CEB /* AppDelegate.m */,
				933EC40C1B3BF65E009C5CEB /* FirstViewController.h */,
				933EC40D1B3BF65E009C5CEB /* FirstViewController.m */,
				931747711B3FE2F3000519A3 /* Main.storyboard */,
				933EC4151B3BF65E009C5CEB /* Images.xcassets */,
				933EC4171B3BF65E009C5CEB /* LaunchScreen.xib */,
				933EC4051B3BF65E009C5CEB /* Supporting Files */,
			);
			path = "Spark-sdk-demo";
			sourceTree = "<group>";
		};
		933EC4051B3BF65E009C5CEB /* Supporting Files */ = {
			isa = PBXGroup;
			children = (
				93F007661B4E62C500446F08 /* TeaPot.obj */,
				93F007591B4D55D500446F08 /* logo.png */,
				93F007271B4C18B900446F08 /* ReadMe.txt */,
				933EC4061B3BF65E009C5CEB /* Info.plist */,
				933EC4071B3BF65E009C5CEB /* main.m */,
			);
			name = "Supporting Files";
			sourceTree = "<group>";
		};
		933EC4211B3BF65E009C5CEB /* Spark-sdk-demoTests */ = {
			isa = PBXGroup;
			children = (
				933EC4241B3BF65E009C5CEB /* Spark_sdk_demoTests.m */,
				933EC4221B3BF65E009C5CEB /* Supporting Files */,
			);
			path = "Spark-sdk-demoTests";
			sourceTree = "<group>";
		};
		933EC4221B3BF65E009C5CEB /* Supporting Files */ = {
			isa = PBXGroup;
			children = (
				933EC4231B3BF65E009C5CEB /* Info.plist */,
			);
			name = "Supporting Files";
			sourceTree = "<group>";
		};
		93F007131B492AA500446F08 /* Drive */ = {
			isa = PBXGroup;
			children = (
				93F007141B492ADB00446F08 /* UploadFileTask.h */,
				93F007151B492ADB00446F08 /* UploadFileTask.m */,
			);
			name = Drive;
			sourceTree = "<group>";
		};
		93F0075E1B4D6B3700446F08 /* Print */ = {
			isa = PBXGroup;
			children = (
				93F0075F1B4D6B5700446F08 /* MeshImportTask.h */,
				93F007601B4D6B5700446F08 /* MeshImportTask.m */,
				93F007681B4EA31F00446F08 /* GetTask.h */,
				93F007691B4EA31F00446F08 /* GetTask.m */,
			);
			name = Print;
			sourceTree = "<group>";
		};
/* End PBXGroup section */

/* Begin PBXNativeTarget section */
		933EC4011B3BF65E009C5CEB /* Spark-sdk-demo */ = {
			isa = PBXNativeTarget;
			buildConfigurationList = 933EC4281B3BF65E009C5CEB /* Build configuration list for PBXNativeTarget "Spark-sdk-demo" */;
			buildPhases = (
				933EC3FE1B3BF65E009C5CEB /* Sources */,
				933EC3FF1B3BF65E009C5CEB /* Frameworks */,
				933EC4001B3BF65E009C5CEB /* Resources */,
			);
			buildRules = (
			);
			dependencies = (
			);
			name = "Spark-sdk-demo";
			productName = "Spark-sdk-demo";
			productReference = 933EC4021B3BF65E009C5CEB /* Spark-sdk-demo.app */;
			productType = "com.apple.product-type.application";
		};
		933EC41D1B3BF65E009C5CEB /* Spark-sdk-demoTests */ = {
			isa = PBXNativeTarget;
			buildConfigurationList = 933EC42B1B3BF65E009C5CEB /* Build configuration list for PBXNativeTarget "Spark-sdk-demoTests" */;
			buildPhases = (
				933EC41A1B3BF65E009C5CEB /* Sources */,
				933EC41B1B3BF65E009C5CEB /* Frameworks */,
				933EC41C1B3BF65E009C5CEB /* Resources */,
			);
			buildRules = (
			);
			dependencies = (
				933EC4201B3BF65E009C5CEB /* PBXTargetDependency */,
			);
			name = "Spark-sdk-demoTests";
			productName = "Spark-sdk-demoTests";
			productReference = 933EC41E1B3BF65E009C5CEB /* Spark-sdk-demoTests.xctest */;
			productType = "com.apple.product-type.bundle.unit-test";
		};
/* End PBXNativeTarget section */

/* Begin PBXProject section */
		933EC3FA1B3BF65E009C5CEB /* Project object */ = {
			isa = PBXProject;
			attributes = {
				LastUpgradeCheck = 0630;
				ORGANIZATIONNAME = "Tomer Har Yoffi";
				TargetAttributes = {
					933EC4011B3BF65E009C5CEB = {
						CreatedOnToolsVersion = 6.3.2;
					};
					933EC41D1B3BF65E009C5CEB = {
						CreatedOnToolsVersion = 6.3.2;
						TestTargetID = 933EC4011B3BF65E009C5CEB;
					};
				};
			};
			buildConfigurationList = 933EC3FD1B3BF65E009C5CEB /* Build configuration list for PBXProject "Spark-sdk-demo" */;
			compatibilityVersion = "Xcode 3.2";
			developmentRegion = English;
			hasScannedForEncodings = 0;
			knownRegions = (
				en,
				Base,
			);
			mainGroup = 933EC3F91B3BF65E009C5CEB;
			productRefGroup = 933EC4031B3BF65E009C5CEB /* Products */;
			projectDirPath = "";
			projectRoot = "";
			targets = (
				933EC4011B3BF65E009C5CEB /* Spark-sdk-demo */,
				933EC41D1B3BF65E009C5CEB /* Spark-sdk-demoTests */,
			);
		};
/* End PBXProject section */

/* Begin PBXResourcesBuildPhase section */
		933EC4001B3BF65E009C5CEB /* Resources */ = {
			isa = PBXResourcesBuildPhase;
			buildActionMask = 2147483647;
			files = (
				93F0075A1B4D55D500446F08 /* logo.png in Resources */,
				933EC4161B3BF65E009C5CEB /* Images.xcassets in Resources */,
				93F007671B4E62C500446F08 /* TeaPot.obj in Resources */,
				931747731B3FE2F3000519A3 /* Main.storyboard in Resources */,
			);
			runOnlyForDeploymentPostprocessing = 0;
		};
		933EC41C1B3BF65E009C5CEB /* Resources */ = {
			isa = PBXResourcesBuildPhase;
			buildActionMask = 2147483647;
			files = (
			);
			runOnlyForDeploymentPostprocessing = 0;
		};
/* End PBXResourcesBuildPhase section */

/* Begin PBXSourcesBuildPhase section */
		933EC3FE1B3BF65E009C5CEB /* Sources */ = {
			isa = PBXSourcesBuildPhase;
			buildActionMask = 2147483647;
			files = (
				931747631B3C3BFA000519A3 /* FileRequest.m in Sources */,
				93F0071C1B494AFF00446F08 /* FileResponse.m in Sources */,
				931747701B3C3BFA000519A3 /* Utils.m in Sources */,
				9317477A1B400C2B000519A3 /* AccessTokenResponse.m in Sources */,
				931747661B3C3BFA000519A3 /* PrinterRegisterRequest.m in Sources */,
				931747761B3FE416000519A3 /* SparkAuthentication.m in Sources */,
				931747671B3C3BFA000519A3 /* PrinterUnregisterRequest.m in Sources */,
				93F0075D1B4D5D9100446F08 /* MeshImportRequest.m in Sources */,
				933EC40B1B3BF65E009C5CEB /* AppDelegate.m in Sources */,
				9317476E1B3C3BFA000519A3 /* SparkManager.m in Sources */,
				931747641B3C3BFA000519A3 /* MemberRequest.m in Sources */,
				931747601B3C3BFA000519A3 /* AuthCodeRequest.m in Sources */,
				932A2B441B42D8780013C47A /* AccessTokenTask.m in Sources */,
				9317476A1B3C3BFA000519A3 /* GuestTokenTask.m in Sources */,
				931747651B3C3BFA000519A3 /* PrinterJobStatusRequest.m in Sources */,
				931747611B3C3BFA000519A3 /* CommandSendRequest.m in Sources */,
				933EC40E1B3BF65E009C5CEB /* FirstViewController.m in Sources */,
				9317476B1B3C3BFA000519A3 /* BaseSparkRequest.m in Sources */,
				931747621B3C3BFA000519A3 /* CreateJobRequest.m in Sources */,
				93F007191B49467300446F08 /* SparkDrive.m in Sources */,
				93F007241B4AC6E800446F08 /* RefreshTokenTask.m in Sources */,
				9317476F1B3C3BFA000519A3 /* SparkLogicManager.m in Sources */,
				933EC4081B3BF65E009C5CEB /* main.m in Sources */,
				93F0076A1B4EA31F00446F08 /* GetTask.m in Sources */,
				93F007161B492ADB00446F08 /* UploadFileTask.m in Sources */,
				9317476C1B3C3BFA000519A3 /* NetworkUtils.m in Sources */,
				931747691B3C3BFA000519A3 /* SparkSession.m in Sources */,
				9317476D1B3C3BFA000519A3 /* BaseNetworkWrapper.m in Sources */,
				93F007611B4D6B5700446F08 /* MeshImportTask.m in Sources */,
				9317475F1B3C3BFA000519A3 /* AssetRequest.m in Sources */,
				932A2B481B42E94D0013C47A /* NSData+MPBase64.m in Sources */,
				931747681B3C3BFA000519A3 /* RefreshAccessTokenRequest.m in Sources */,
			);
			runOnlyForDeploymentPostprocessing = 0;
		};
		933EC41A1B3BF65E009C5CEB /* Sources */ = {
			isa = PBXSourcesBuildPhase;
			buildActionMask = 2147483647;
			files = (
				933EC4251B3BF65E009C5CEB /* Spark_sdk_demoTests.m in Sources */,
			);
			runOnlyForDeploymentPostprocessing = 0;
		};
/* End PBXSourcesBuildPhase section */

/* Begin PBXTargetDependency section */
		933EC4201B3BF65E009C5CEB /* PBXTargetDependency */ = {
			isa = PBXTargetDependency;
			target = 933EC4011B3BF65E009C5CEB /* Spark-sdk-demo */;
			targetProxy = 933EC41F1B3BF65E009C5CEB /* PBXContainerItemProxy */;
		};
/* End PBXTargetDependency section */

/* Begin PBXVariantGroup section */
		931747711B3FE2F3000519A3 /* Main.storyboard */ = {
			isa = PBXVariantGroup;
			children = (
				931747721B3FE2F3000519A3 /* Base */,
			);
			name = Main.storyboard;
			sourceTree = "<group>";
		};
		933EC4171B3BF65E009C5CEB /* LaunchScreen.xib */ = {
			isa = PBXVariantGroup;
			children = (
				933EC4181B3BF65E009C5CEB /* Base */,
			);
			name = LaunchScreen.xib;
			sourceTree = "<group>";
		};
/* End PBXVariantGroup section */

/* Begin XCBuildConfiguration section */
		933EC4261B3BF65E009C5CEB /* Debug */ = {
			isa = XCBuildConfiguration;
			buildSettings = {
				ALWAYS_SEARCH_USER_PATHS = NO;
				CLANG_CXX_LANGUAGE_STANDARD = "gnu++0x";
				CLANG_CXX_LIBRARY = "libc++";
				CLANG_ENABLE_MODULES = YES;
				CLANG_ENABLE_OBJC_ARC = YES;
				CLANG_WARN_BOOL_CONVERSION = YES;
				CLANG_WARN_CONSTANT_CONVERSION = YES;
				CLANG_WARN_DIRECT_OBJC_ISA_USAGE = YES_ERROR;
				CLANG_WARN_EMPTY_BODY = YES;
				CLANG_WARN_ENUM_CONVERSION = YES;
				CLANG_WARN_INT_CONVERSION = YES;
				CLANG_WARN_OBJC_ROOT_CLASS = YES_ERROR;
				CLANG_WARN_UNREACHABLE_CODE = YES;
				CLANG_WARN__DUPLICATE_METHOD_MATCH = YES;
				"CODE_SIGN_IDENTITY[sdk=iphoneos*]" = "iPhone Developer";
				COPY_PHASE_STRIP = NO;
				DEBUG_INFORMATION_FORMAT = "dwarf-with-dsym";
				ENABLE_STRICT_OBJC_MSGSEND = YES;
				GCC_C_LANGUAGE_STANDARD = gnu99;
				GCC_DYNAMIC_NO_PIC = NO;
				GCC_NO_COMMON_BLOCKS = YES;
				GCC_OPTIMIZATION_LEVEL = 0;
				GCC_PREPROCESSOR_DEFINITIONS = (
					"DEBUG=1",
					"$(inherited)",
				);
				GCC_SYMBOLS_PRIVATE_EXTERN = NO;
				GCC_WARN_64_TO_32_BIT_CONVERSION = YES;
				GCC_WARN_ABOUT_RETURN_TYPE = YES_ERROR;
				GCC_WARN_UNDECLARED_SELECTOR = YES;
				GCC_WARN_UNINITIALIZED_AUTOS = YES_AGGRESSIVE;
				GCC_WARN_UNUSED_FUNCTION = YES;
				GCC_WARN_UNUSED_VARIABLE = YES;
				IPHONEOS_DEPLOYMENT_TARGET = 8.3;
				MTL_ENABLE_DEBUG_INFO = YES;
				ONLY_ACTIVE_ARCH = YES;
				SDKROOT = iphoneos;
			};
			name = Debug;
		};
		933EC4271B3BF65E009C5CEB /* Release */ = {
			isa = XCBuildConfiguration;
			buildSettings = {
				ALWAYS_SEARCH_USER_PATHS = NO;
				CLANG_CXX_LANGUAGE_STANDARD = "gnu++0x";
				CLANG_CXX_LIBRARY = "libc++";
				CLANG_ENABLE_MODULES = YES;
				CLANG_ENABLE_OBJC_ARC = YES;
				CLANG_WARN_BOOL_CONVERSION = YES;
				CLANG_WARN_CONSTANT_CONVERSION = YES;
				CLANG_WARN_DIRECT_OBJC_ISA_USAGE = YES_ERROR;
				CLANG_WARN_EMPTY_BODY = YES;
				CLANG_WARN_ENUM_CONVERSION = YES;
				CLANG_WARN_INT_CONVERSION = YES;
				CLANG_WARN_OBJC_ROOT_CLASS = YES_ERROR;
				CLANG_WARN_UNREACHABLE_CODE = YES;
				CLANG_WARN__DUPLICATE_METHOD_MATCH = YES;
				"CODE_SIGN_IDENTITY[sdk=iphoneos*]" = "iPhone Developer";
				COPY_PHASE_STRIP = NO;
				DEBUG_INFORMATION_FORMAT = "dwarf-with-dsym";
				ENABLE_NS_ASSERTIONS = NO;
				ENABLE_STRICT_OBJC_MSGSEND = YES;
				GCC_C_LANGUAGE_STANDARD = gnu99;
				GCC_NO_COMMON_BLOCKS = YES;
				GCC_WARN_64_TO_32_BIT_CONVERSION = YES;
				GCC_WARN_ABOUT_RETURN_TYPE = YES_ERROR;
				GCC_WARN_UNDECLARED_SELECTOR = YES;
				GCC_WARN_UNINITIALIZED_AUTOS = YES_AGGRESSIVE;
				GCC_WARN_UNUSED_FUNCTION = YES;
				GCC_WARN_UNUSED_VARIABLE = YES;
				IPHONEOS_DEPLOYMENT_TARGET = 8.3;
				MTL_ENABLE_DEBUG_INFO = NO;
				SDKROOT = iphoneos;
				VALIDATE_PRODUCT = YES;
			};
			name = Release;
		};
		933EC4291B3BF65E009C5CEB /* Debug */ = {
			isa = XCBuildConfiguration;
			buildSettings = {
				ASSETCATALOG_COMPILER_APPICON_NAME = AppIcon;
				INFOPLIST_FILE = "Spark-sdk-demo/Info.plist";
				LD_RUNPATH_SEARCH_PATHS = "$(inherited) @executable_path/Frameworks";
				PRODUCT_NAME = "$(TARGET_NAME)";
			};
			name = Debug;
		};
		933EC42A1B3BF65E009C5CEB /* Release */ = {
			isa = XCBuildConfiguration;
			buildSettings = {
				ASSETCATALOG_COMPILER_APPICON_NAME = AppIcon;
				INFOPLIST_FILE = "Spark-sdk-demo/Info.plist";
				LD_RUNPATH_SEARCH_PATHS = "$(inherited) @executable_path/Frameworks";
				PRODUCT_NAME = "$(TARGET_NAME)";
			};
			name = Release;
		};
		933EC42C1B3BF65E009C5CEB /* Debug */ = {
			isa = XCBuildConfiguration;
			buildSettings = {
				BUNDLE_LOADER = "$(TEST_HOST)";
				FRAMEWORK_SEARCH_PATHS = (
					"$(SDKROOT)/Developer/Library/Frameworks",
					"$(inherited)",
				);
				GCC_PREPROCESSOR_DEFINITIONS = (
					"DEBUG=1",
					"$(inherited)",
				);
				INFOPLIST_FILE = "Spark-sdk-demoTests/Info.plist";
				LD_RUNPATH_SEARCH_PATHS = "$(inherited) @executable_path/Frameworks @loader_path/Frameworks";
				PRODUCT_NAME = "$(TARGET_NAME)";
				TEST_HOST = "$(BUILT_PRODUCTS_DIR)/Spark-sdk-demo.app/Spark-sdk-demo";
			};
			name = Debug;
		};
		933EC42D1B3BF65E009C5CEB /* Release */ = {
			isa = XCBuildConfiguration;
			buildSettings = {
				BUNDLE_LOADER = "$(TEST_HOST)";
				FRAMEWORK_SEARCH_PATHS = (
					"$(SDKROOT)/Developer/Library/Frameworks",
					"$(inherited)",
				);
				INFOPLIST_FILE = "Spark-sdk-demoTests/Info.plist";
				LD_RUNPATH_SEARCH_PATHS = "$(inherited) @executable_path/Frameworks @loader_path/Frameworks";
				PRODUCT_NAME = "$(TARGET_NAME)";
				TEST_HOST = "$(BUILT_PRODUCTS_DIR)/Spark-sdk-demo.app/Spark-sdk-demo";
			};
			name = Release;
		};
/* End XCBuildConfiguration section */

/* Begin XCConfigurationList section */
		933EC3FD1B3BF65E009C5CEB /* Build configuration list for PBXProject "Spark-sdk-demo" */ = {
			isa = XCConfigurationList;
			buildConfigurations = (
				933EC4261B3BF65E009C5CEB /* Debug */,
				933EC4271B3BF65E009C5CEB /* Release */,
			);
			defaultConfigurationIsVisible = 0;
			defaultConfigurationName = Release;
		};
		933EC4281B3BF65E009C5CEB /* Build configuration list for PBXNativeTarget "Spark-sdk-demo" */ = {
			isa = XCConfigurationList;
			buildConfigurations = (
				933EC4291B3BF65E009C5CEB /* Debug */,
				933EC42A1B3BF65E009C5CEB /* Release */,
			);
			defaultConfigurationIsVisible = 0;
			defaultConfigurationName = Release;
		};
		933EC42B1B3BF65E009C5CEB /* Build configuration list for PBXNativeTarget "Spark-sdk-demoTests" */ = {
			isa = XCConfigurationList;
			buildConfigurations = (
				933EC42C1B3BF65E009C5CEB /* Debug */,
				933EC42D1B3BF65E009C5CEB /* Release */,
			);
			defaultConfigurationIsVisible = 0;
			defaultConfigurationName = Release;
		};
/* End XCConfigurationList section */
	};
	rootObject = 933EC3FA1B3BF65E009C5CEB /* Project object */;
}
